
Microsoft Visual Studio Solution File, Format Version 12.00
# Visual Studio Version 16
VisualStudioVersion = 16.0.29009.5
MinimumVisualStudioVersion = 10.0.40219.1
Project("{9A19103F-16F7-4668-BE54-9A1E7A4F7556}") = "MGOAP", "MGOAP.csproj", "{DD2280AA-BFF2-4688-B546-91205A8E462F}"
EndProject
Project("{FAE04EC0-301F-11D3-BF4B-00C04F79EFBC}") = "MGOAP_Test", "Test\MGOAP_Test.csproj", "{FDE2E629-6792-4644-B120-55CB5BCD0E9E}"
EndProject
Global
	GlobalSection(SolutionConfigurationPlatforms) = preSolution
		Debug|Any CPU = Debug|Any CPU
		Release|Any CPU = Release|Any CPU
	EndGlobalSection
	GlobalSection(ProjectConfigurationPlatforms) = postSolution
		{DD2280AA-BFF2-4688-B546-91205A8E462F}.Debug|Any CPU.ActiveCfg = Debug|Any CPU
		{DD2280AA-BFF2-4688-B546-91205A8E462F}.Debug|Any CPU.Build.0 = Debug|Any CPU
		{DD2280AA-BFF2-4688-B546-91205A8E462F}.Release|Any CPU.ActiveCfg = Release|Any CPU
		{DD2280AA-BFF2-4688-B546-91205A8E462F}.Release|Any CPU.Build.0 = Release|Any CPU
		{FDE2E629-6792-4644-B120-55CB5BCD0E9E}.Debug|Any CPU.ActiveCfg = Debug|Any CPU
		{FDE2E629-6792-4644-B120-55CB5BCD0E9E}.Debug|Any CPU.Build.0 = Debug|Any CPU
		{FDE2E629-6792-4644-B120-55CB5BCD0E9E}.Release|Any CPU.ActiveCfg = Release|Any CPU
		{FDE2E629-6792-4644-B120-55CB5BCD0E9E}.Release|Any CPU.Build.0 = Release|Any CPU
	EndGlobalSection
	GlobalSection(SolutionProperties) = preSolution
		HideSolutionNode = FALSE
	EndGlobalSection
	GlobalSection(ExtensibilityGlobals) = postSolution
		SolutionGuid = {E65DF386-AA48-4D97-AD88-A804EE49C725}
	EndGlobalSection
EndGlobal
